// !$*UTF8*$!
{
	archiveVersion = 1;
	classes = {
	};
	objectVersion = 55;
	objects = {

/* Begin PBXBuildFile section */
		560CB2AAFDE951E1DF604B99 /* Pods_medicine.framework in Frameworks */ = {isa = PBXBuildFile; fileRef = C5F4D765948AE787F1A38A8E /* Pods_medicine.framework */; };
		6B903A0A2851CD35005F2971 /* APIConstants.swift in Sources */ = {isa = PBXBuildFile; fileRef = 6B903A092851CD35005F2971 /* APIConstants.swift */; };
		6B903A0C2851CDD3005F2971 /* NetworkResult.swift in Sources */ = {isa = PBXBuildFile; fileRef = 6B903A0B2851CDD3005F2971 /* NetworkResult.swift */; };
		6B903A0E2851CDE9005F2971 /* RequestData.swift in Sources */ = {isa = PBXBuildFile; fileRef = 6B903A0D2851CDE9005F2971 /* RequestData.swift */; };
		6BA33FB128508262000C4674 /* SearchMedicineNameViewController.swift in Sources */ = {isa = PBXBuildFile; fileRef = 6BA33FB028508262000C4674 /* SearchMedicineNameViewController.swift */; };
		6BA33FB428508432000C4674 /* UIViewController++.swift in Sources */ = {isa = PBXBuildFile; fileRef = 6BA33FB328508432000C4674 /* UIViewController++.swift */; };
		6BA33FB7285084E4000C4674 /* ViewProtocol.swift in Sources */ = {isa = PBXBuildFile; fileRef = 6BA33FB6285084E4000C4674 /* ViewProtocol.swift */; };
		6BA33FB928508A96000C4674 /* AddNotiTimeViewController.swift in Sources */ = {isa = PBXBuildFile; fileRef = 6BA33FB828508A96000C4674 /* AddNotiTimeViewController.swift */; };
		6BE5D3382851D997008DED9F /* NotiMedicineCell.swift in Sources */ = {isa = PBXBuildFile; fileRef = 6BE5D3372851D997008DED9F /* NotiMedicineCell.swift */; };
		6BE5D33B2851E64D008DED9F /* AlertController.swift in Sources */ = {isa = PBXBuildFile; fileRef = 6BE5D33A2851E64D008DED9F /* AlertController.swift */; };
		6BE5D33D28520C00008DED9F /* MedicineListService.swift in Sources */ = {isa = PBXBuildFile; fileRef = 6BE5D33C28520C00008DED9F /* MedicineListService.swift */; };
		6BE5D33F28520D2E008DED9F /* MedicineModel.swift in Sources */ = {isa = PBXBuildFile; fileRef = 6BE5D33E28520D2E008DED9F /* MedicineModel.swift */; };
		6BE5D34128521465008DED9F /* MainViewController.swift in Sources */ = {isa = PBXBuildFile; fileRef = 6BE5D34028521465008DED9F /* MainViewController.swift */; };
		6BE5D34328522D01008DED9F /* UserMedicineService.swift in Sources */ = {isa = PBXBuildFile; fileRef = 6BE5D34228522D01008DED9F /* UserMedicineService.swift */; };
		6BE5D34528522D52008DED9F /* UserMedicineModel.swift in Sources */ = {isa = PBXBuildFile; fileRef = 6BE5D34428522D52008DED9F /* UserMedicineModel.swift */; };
		6BE5D34728524B3F008DED9F /* UIButton++.swift in Sources */ = {isa = PBXBuildFile; fileRef = 6BE5D34628524B3F008DED9F /* UIButton++.swift */; };
		6BFA3477284DE044009B7C90 /* NotiListViewController.swift in Sources */ = {isa = PBXBuildFile; fileRef = 6BFA3476284DE044009B7C90 /* NotiListViewController.swift */; };
		FB00059A2852274C00307E66 /* MedicineInfoList.swift in Sources */ = {isa = PBXBuildFile; fileRef = FB0005992852274C00307E66 /* MedicineInfoList.swift */; };
		FB00059C28522BF300307E66 /* MediCell.swift in Sources */ = {isa = PBXBuildFile; fileRef = FB00059B28522BF300307E66 /* MediCell.swift */; };
		FB83E6BD282BA46A00A09F3D /* AppDelegate.swift in Sources */ = {isa = PBXBuildFile; fileRef = FB83E6BC282BA46A00A09F3D /* AppDelegate.swift */; };
		FB83E6BF282BA46A00A09F3D /* SceneDelegate.swift in Sources */ = {isa = PBXBuildFile; fileRef = FB83E6BE282BA46A00A09F3D /* SceneDelegate.swift */; };
		FB83E6C1282BA46A00A09F3D /* SearchViewController.swift in Sources */ = {isa = PBXBuildFile; fileRef = FB83E6C0282BA46A00A09F3D /* SearchViewController.swift */; };
		FB83E6C6282BA46D00A09F3D /* Assets.xcassets in Resources */ = {isa = PBXBuildFile; fileRef = FB83E6C5282BA46D00A09F3D /* Assets.xcassets */; };
		FB83E6C9282BA46D00A09F3D /* LaunchScreen.storyboard in Resources */ = {isa = PBXBuildFile; fileRef = FB83E6C7282BA46D00A09F3D /* LaunchScreen.storyboard */; };
		FB83E6D4282BB4DE00A09F3D /* MedicineInfoViewController.swift in Sources */ = {isa = PBXBuildFile; fileRef = FB83E6D3282BB4DE00A09F3D /* MedicineInfoViewController.swift */; };
/* End PBXBuildFile section */

/* Begin PBXFileReference section */
		5183EAF8DEA7587F0A8EAC02 /* Pods-medicine.debug.xcconfig */ = {isa = PBXFileReference; includeInIndex = 1; lastKnownFileType = text.xcconfig; name = "Pods-medicine.debug.xcconfig"; path = "Target Support Files/Pods-medicine/Pods-medicine.debug.xcconfig"; sourceTree = "<group>"; };
		6B903A092851CD35005F2971 /* APIConstants.swift */ = {isa = PBXFileReference; lastKnownFileType = sourcecode.swift; path = APIConstants.swift; sourceTree = "<group>"; };
		6B903A0B2851CDD3005F2971 /* NetworkResult.swift */ = {isa = PBXFileReference; lastKnownFileType = sourcecode.swift; path = NetworkResult.swift; sourceTree = "<group>"; };
		6B903A0D2851CDE9005F2971 /* RequestData.swift */ = {isa = PBXFileReference; lastKnownFileType = sourcecode.swift; path = RequestData.swift; sourceTree = "<group>"; };
		6BA33FB028508262000C4674 /* SearchMedicineNameViewController.swift */ = {isa = PBXFileReference; lastKnownFileType = sourcecode.swift; path = SearchMedicineNameViewController.swift; sourceTree = "<group>"; };
		6BA33FB328508432000C4674 /* UIViewController++.swift */ = {isa = PBXFileReference; lastKnownFileType = sourcecode.swift; path = "UIViewController++.swift"; sourceTree = "<group>"; };
		6BA33FB6285084E4000C4674 /* ViewProtocol.swift */ = {isa = PBXFileReference; lastKnownFileType = sourcecode.swift; path = ViewProtocol.swift; sourceTree = "<group>"; };
		6BA33FB828508A96000C4674 /* AddNotiTimeViewController.swift */ = {isa = PBXFileReference; lastKnownFileType = sourcecode.swift; path = AddNotiTimeViewController.swift; sourceTree = "<group>"; };
		6BE5D3372851D997008DED9F /* NotiMedicineCell.swift */ = {isa = PBXFileReference; lastKnownFileType = sourcecode.swift; path = NotiMedicineCell.swift; sourceTree = "<group>"; };
		6BE5D33A2851E64D008DED9F /* AlertController.swift */ = {isa = PBXFileReference; lastKnownFileType = sourcecode.swift; path = AlertController.swift; sourceTree = "<group>"; };
		6BE5D33C28520C00008DED9F /* MedicineListService.swift */ = {isa = PBXFileReference; lastKnownFileType = sourcecode.swift; path = MedicineListService.swift; sourceTree = "<group>"; };
		6BE5D33E28520D2E008DED9F /* MedicineModel.swift */ = {isa = PBXFileReference; lastKnownFileType = sourcecode.swift; path = MedicineModel.swift; sourceTree = "<group>"; };
		6BE5D34028521465008DED9F /* MainViewController.swift */ = {isa = PBXFileReference; lastKnownFileType = sourcecode.swift; path = MainViewController.swift; sourceTree = "<group>"; };
		6BE5D34228522D01008DED9F /* UserMedicineService.swift */ = {isa = PBXFileReference; lastKnownFileType = sourcecode.swift; path = UserMedicineService.swift; sourceTree = "<group>"; };
		6BE5D34428522D52008DED9F /* UserMedicineModel.swift */ = {isa = PBXFileReference; lastKnownFileType = sourcecode.swift; path = UserMedicineModel.swift; sourceTree = "<group>"; };
		6BE5D34628524B3F008DED9F /* UIButton++.swift */ = {isa = PBXFileReference; lastKnownFileType = sourcecode.swift; path = "UIButton++.swift"; sourceTree = "<group>"; };
		6BFA3476284DE044009B7C90 /* NotiListViewController.swift */ = {isa = PBXFileReference; lastKnownFileType = sourcecode.swift; path = NotiListViewController.swift; sourceTree = "<group>"; };
		C5F4D765948AE787F1A38A8E /* Pods_medicine.framework */ = {isa = PBXFileReference; explicitFileType = wrapper.framework; includeInIndex = 0; path = Pods_medicine.framework; sourceTree = BUILT_PRODUCTS_DIR; };
		D67FC2FD6C851CFD0C6E8D6F /* Pods-medicine.release.xcconfig */ = {isa = PBXFileReference; includeInIndex = 1; lastKnownFileType = text.xcconfig; name = "Pods-medicine.release.xcconfig"; path = "Target Support Files/Pods-medicine/Pods-medicine.release.xcconfig"; sourceTree = "<group>"; };
		FB0005992852274C00307E66 /* MedicineInfoList.swift */ = {isa = PBXFileReference; lastKnownFileType = sourcecode.swift; path = MedicineInfoList.swift; sourceTree = "<group>"; };
		FB00059B28522BF300307E66 /* MediCell.swift */ = {isa = PBXFileReference; lastKnownFileType = sourcecode.swift; path = MediCell.swift; sourceTree = "<group>"; };
		FB83E6B9282BA46A00A09F3D /* medicine.app */ = {isa = PBXFileReference; explicitFileType = wrapper.application; includeInIndex = 0; path = medicine.app; sourceTree = BUILT_PRODUCTS_DIR; };
		FB83E6BC282BA46A00A09F3D /* AppDelegate.swift */ = {isa = PBXFileReference; lastKnownFileType = sourcecode.swift; path = AppDelegate.swift; sourceTree = "<group>"; };
		FB83E6BE282BA46A00A09F3D /* SceneDelegate.swift */ = {isa = PBXFileReference; lastKnownFileType = sourcecode.swift; path = SceneDelegate.swift; sourceTree = "<group>"; };
		FB83E6C0282BA46A00A09F3D /* SearchViewController.swift */ = {isa = PBXFileReference; lastKnownFileType = sourcecode.swift; path = SearchViewController.swift; sourceTree = "<group>"; };
		FB83E6C5282BA46D00A09F3D /* Assets.xcassets */ = {isa = PBXFileReference; lastKnownFileType = folder.assetcatalog; path = Assets.xcassets; sourceTree = "<group>"; };
		FB83E6C8282BA46D00A09F3D /* Base */ = {isa = PBXFileReference; lastKnownFileType = file.storyboard; name = Base; path = Base.lproj/LaunchScreen.storyboard; sourceTree = "<group>"; };
		FB83E6CA282BA46D00A09F3D /* Info.plist */ = {isa = PBXFileReference; lastKnownFileType = text.plist.xml; path = Info.plist; sourceTree = "<group>"; };
		FB83E6D3282BB4DE00A09F3D /* MedicineInfoViewController.swift */ = {isa = PBXFileReference; lastKnownFileType = sourcecode.swift; path = MedicineInfoViewController.swift; sourceTree = "<group>"; };
/* End PBXFileReference section */

/* Begin PBXFrameworksBuildPhase section */
		FB83E6B6282BA46A00A09F3D /* Frameworks */ = {
			isa = PBXFrameworksBuildPhase;
			buildActionMask = 2147483647;
			files = (
				560CB2AAFDE951E1DF604B99 /* Pods_medicine.framework in Frameworks */,
			);
			runOnlyForDeploymentPostprocessing = 0;
		};
/* End PBXFrameworksBuildPhase section */

/* Begin PBXGroup section */
		16C783ED74C496D25AAB0E62 /* Pods */ = {
			isa = PBXGroup;
			children = (
				5183EAF8DEA7587F0A8EAC02 /* Pods-medicine.debug.xcconfig */,
				D67FC2FD6C851CFD0C6E8D6F /* Pods-medicine.release.xcconfig */,
			);
			path = Pods;
			sourceTree = "<group>";
		};
		6B903A082851CD24005F2971 /* base */ = {
			isa = PBXGroup;
			children = (
				6B903A092851CD35005F2971 /* APIConstants.swift */,
				6B903A0B2851CDD3005F2971 /* NetworkResult.swift */,
				6B903A0D2851CDE9005F2971 /* RequestData.swift */,
			);
			path = base;
			sourceTree = "<group>";
		};
		6BA33FAB2850816D000C4674 /* viewControllers */ = {
			isa = PBXGroup;
			children = (
				6BA33FAF285081F5000C4674 /* search */,
				6BA33FAE285081B8000C4674 /* notification */,
				6BE5D34028521465008DED9F /* MainViewController.swift */,
			);
			path = viewControllers;
			sourceTree = "<group>";
		};
		6BA33FAC2850818B000C4674 /* services */ = {
			isa = PBXGroup;
			children = (
				6B903A082851CD24005F2971 /* base */,
				6BE5D33C28520C00008DED9F /* MedicineListService.swift */,
				6BE5D34228522D01008DED9F /* UserMedicineService.swift */,
			);
			path = services;
			sourceTree = "<group>";
		};
		6BA33FAD285081A4000C4674 /* models */ = {
			isa = PBXGroup;
			children = (
				6BE5D33E28520D2E008DED9F /* MedicineModel.swift */,
				6BE5D34428522D52008DED9F /* UserMedicineModel.swift */,
			);
			path = models;
			sourceTree = "<group>";
		};
		6BA33FAE285081B8000C4674 /* notification */ = {
			isa = PBXGroup;
			children = (
				6BFA3476284DE044009B7C90 /* NotiListViewController.swift */,
				6BA33FB028508262000C4674 /* SearchMedicineNameViewController.swift */,
				6BA33FB828508A96000C4674 /* AddNotiTimeViewController.swift */,
				6BE5D3372851D997008DED9F /* NotiMedicineCell.swift */,
			);
			path = notification;
			sourceTree = "<group>";
		};
		6BA33FAF285081F5000C4674 /* search */ = {
			isa = PBXGroup;
			children = (
				FB83E6C0282BA46A00A09F3D /* SearchViewController.swift */,
				FB00059B28522BF300307E66 /* MediCell.swift */,
				FB0005992852274C00307E66 /* MedicineInfoList.swift */,
				FB83E6D3282BB4DE00A09F3D /* MedicineInfoViewController.swift */,
			);
			path = search;
			sourceTree = "<group>";
		};
		6BA33FB228508410000C4674 /* extenstion */ = {
			isa = PBXGroup;
			children = (
				6BA33FB328508432000C4674 /* UIViewController++.swift */,
				6BE5D34628524B3F008DED9F /* UIButton++.swift */,
			);
			path = extenstion;
			sourceTree = "<group>";
		};
		6BA33FB5285084CF000C4674 /* protocols */ = {
			isa = PBXGroup;
			children = (
				6BA33FB6285084E4000C4674 /* ViewProtocol.swift */,
			);
			path = protocols;
			sourceTree = "<group>";
		};
		6BE5D3392851E630008DED9F /* custom */ = {
			isa = PBXGroup;
			children = (
				6BE5D33A2851E64D008DED9F /* AlertController.swift */,
			);
			path = custom;
			sourceTree = "<group>";
		};
		8934189491905929159194E8 /* Frameworks */ = {
			isa = PBXGroup;
			children = (
				C5F4D765948AE787F1A38A8E /* Pods_medicine.framework */,
			);
			name = Frameworks;
			sourceTree = "<group>";
		};
		FB83E6B0282BA46A00A09F3D = {
			isa = PBXGroup;
			children = (
				FB83E6BB282BA46A00A09F3D /* medicine */,
				FB83E6BA282BA46A00A09F3D /* Products */,
				16C783ED74C496D25AAB0E62 /* Pods */,
				8934189491905929159194E8 /* Frameworks */,
			);
			sourceTree = "<group>";
		};
		FB83E6BA282BA46A00A09F3D /* Products */ = {
			isa = PBXGroup;
			children = (
				FB83E6B9282BA46A00A09F3D /* medicine.app */,
			);
			name = Products;
			sourceTree = "<group>";
		};
		FB83E6BB282BA46A00A09F3D /* medicine */ = {
			isa = PBXGroup;
			children = (
				6BE5D3392851E630008DED9F /* custom */,
				6BA33FB5285084CF000C4674 /* protocols */,
				6BA33FB228508410000C4674 /* extenstion */,
				6BA33FAD285081A4000C4674 /* models */,
				6BA33FAC2850818B000C4674 /* services */,
				6BA33FAB2850816D000C4674 /* viewControllers */,
				FB83E6BC282BA46A00A09F3D /* AppDelegate.swift */,
				FB83E6BE282BA46A00A09F3D /* SceneDelegate.swift */,
				FB83E6C5282BA46D00A09F3D /* Assets.xcassets */,
				FB83E6C7282BA46D00A09F3D /* LaunchScreen.storyboard */,
				FB83E6CA282BA46D00A09F3D /* Info.plist */,
			);
			path = medicine;
			sourceTree = "<group>";
		};
/* End PBXGroup section */

/* Begin PBXNativeTarget section */
		FB83E6B8282BA46A00A09F3D /* medicine */ = {
			isa = PBXNativeTarget;
			buildConfigurationList = FB83E6CD282BA46D00A09F3D /* Build configuration list for PBXNativeTarget "medicine" */;
			buildPhases = (
				8B576A6768B3F1C1FAFD71EA /* [CP] Check Pods Manifest.lock */,
				FB83E6B5282BA46A00A09F3D /* Sources */,
				FB83E6B6282BA46A00A09F3D /* Frameworks */,
				FB83E6B7282BA46A00A09F3D /* Resources */,
				836D44DF438BA3627FD16E3D /* [CP] Embed Pods Frameworks */,
			);
			buildRules = (
			);
			dependencies = (
			);
			name = medicine;
			packageProductDependencies = (
			);
			productName = medicine;
			productReference = FB83E6B9282BA46A00A09F3D /* medicine.app */;
			productType = "com.apple.product-type.application";
		};
/* End PBXNativeTarget section */

/* Begin PBXProject section */
		FB83E6B1282BA46A00A09F3D /* Project object */ = {
			isa = PBXProject;
			attributes = {
				BuildIndependentTargetsInParallel = 1;
				LastSwiftUpdateCheck = 1320;
				LastUpgradeCheck = 1320;
				TargetAttributes = {
					FB83E6B8282BA46A00A09F3D = {
						CreatedOnToolsVersion = 13.2.1;
					};
				};
			};
			buildConfigurationList = FB83E6B4282BA46A00A09F3D /* Build configuration list for PBXProject "medicine" */;
			compatibilityVersion = "Xcode 13.0";
			developmentRegion = en;
			hasScannedForEncodings = 0;
			knownRegions = (
				en,
				Base,
			);
			mainGroup = FB83E6B0282BA46A00A09F3D;
			packageReferences = (
			);
			productRefGroup = FB83E6BA282BA46A00A09F3D /* Products */;
			projectDirPath = "";
			projectRoot = "";
			targets = (
				FB83E6B8282BA46A00A09F3D /* medicine */,
			);
		};
/* End PBXProject section */

/* Begin PBXResourcesBuildPhase section */
		FB83E6B7282BA46A00A09F3D /* Resources */ = {
			isa = PBXResourcesBuildPhase;
			buildActionMask = 2147483647;
			files = (
				FB83E6C9282BA46D00A09F3D /* LaunchScreen.storyboard in Resources */,
				FB83E6C6282BA46D00A09F3D /* Assets.xcassets in Resources */,
			);
			runOnlyForDeploymentPostprocessing = 0;
		};
/* End PBXResourcesBuildPhase section */

/* Begin PBXShellScriptBuildPhase section */
		836D44DF438BA3627FD16E3D /* [CP] Embed Pods Frameworks */ = {
			isa = PBXShellScriptBuildPhase;
			buildActionMask = 2147483647;
			files = (
			);
			inputFileListPaths = (
				"${PODS_ROOT}/Target Support Files/Pods-medicine/Pods-medicine-frameworks-${CONFIGURATION}-input-files.xcfilelist",
			);
			name = "[CP] Embed Pods Frameworks";
			outputFileListPaths = (
				"${PODS_ROOT}/Target Support Files/Pods-medicine/Pods-medicine-frameworks-${CONFIGURATION}-output-files.xcfilelist",
			);
			runOnlyForDeploymentPostprocessing = 0;
			shellPath = /bin/sh;
			shellScript = "\"${PODS_ROOT}/Target Support Files/Pods-medicine/Pods-medicine-frameworks.sh\"\n";
			showEnvVarsInLog = 0;
		};
		8B576A6768B3F1C1FAFD71EA /* [CP] Check Pods Manifest.lock */ = {
			isa = PBXShellScriptBuildPhase;
			buildActionMask = 2147483647;
			files = (
			);
			inputFileListPaths = (
			);
			inputPaths = (
				"${PODS_PODFILE_DIR_PATH}/Podfile.lock",
				"${PODS_ROOT}/Manifest.lock",
			);
			name = "[CP] Check Pods Manifest.lock";
			outputFileListPaths = (
			);
			outputPaths = (
				"$(DERIVED_FILE_DIR)/Pods-medicine-checkManifestLockResult.txt",
			);
			runOnlyForDeploymentPostprocessing = 0;
			shellPath = /bin/sh;
			shellScript = "diff \"${PODS_PODFILE_DIR_PATH}/Podfile.lock\" \"${PODS_ROOT}/Manifest.lock\" > /dev/null\nif [ $? != 0 ] ; then\n    # print error to STDERR\n    echo \"error: The sandbox is not in sync with the Podfile.lock. Run 'pod install' or update your CocoaPods installation.\" >&2\n    exit 1\nfi\n# This output is used by Xcode 'outputs' to avoid re-running this script phase.\necho \"SUCCESS\" > \"${SCRIPT_OUTPUT_FILE_0}\"\n";
			showEnvVarsInLog = 0;
		};
/* End PBXShellScriptBuildPhase section */

/* Begin PBXSourcesBuildPhase section */
		FB83E6B5282BA46A00A09F3D /* Sources */ = {
			isa = PBXSourcesBuildPhase;
			buildActionMask = 2147483647;
			files = (
				6BA33FB428508432000C4674 /* UIViewController++.swift in Sources */,
				6BE5D3382851D997008DED9F /* NotiMedicineCell.swift in Sources */,
				6BE5D34328522D01008DED9F /* UserMedicineService.swift in Sources */,
				6BE5D34728524B3F008DED9F /* UIButton++.swift in Sources */,
				6BA33FB128508262000C4674 /* SearchMedicineNameViewController.swift in Sources */,
				6B903A0C2851CDD3005F2971 /* NetworkResult.swift in Sources */,
				6BE5D33B2851E64D008DED9F /* AlertController.swift in Sources */,
				6BE5D34128521465008DED9F /* MainViewController.swift in Sources */,
				6B903A0E2851CDE9005F2971 /* RequestData.swift in Sources */,
				6BA33FB7285084E4000C4674 /* ViewProtocol.swift in Sources */,
				FB83E6D4282BB4DE00A09F3D /* MedicineInfoViewController.swift in Sources */,
				FB83E6C1282BA46A00A09F3D /* SearchViewController.swift in Sources */,
				6BA33FB928508A96000C4674 /* AddNotiTimeViewController.swift in Sources */,
				FB00059A2852274C00307E66 /* MedicineInfoList.swift in Sources */,
				6BE5D33D28520C00008DED9F /* MedicineListService.swift in Sources */,
				6BE5D34528522D52008DED9F /* UserMedicineModel.swift in Sources */,
				6B903A0A2851CD35005F2971 /* APIConstants.swift in Sources */,
				FB83E6BD282BA46A00A09F3D /* AppDelegate.swift in Sources */,
				6BE5D33F28520D2E008DED9F /* MedicineModel.swift in Sources */,
				FB83E6BF282BA46A00A09F3D /* SceneDelegate.swift in Sources */,
				6BFA3477284DE044009B7C90 /* NotiListViewController.swift in Sources */,
			);
			runOnlyForDeploymentPostprocessing = 0;
		};
/* End PBXSourcesBuildPhase section */

/* Begin PBXVariantGroup section */
		FB83E6C7282BA46D00A09F3D /* LaunchScreen.storyboard */ = {
			isa = PBXVariantGroup;
			children = (
				FB83E6C8282BA46D00A09F3D /* Base */,
			);
			name = LaunchScreen.storyboard;
			sourceTree = "<group>";
		};
/* End PBXVariantGroup section */

/* Begin XCBuildConfiguration section */
		FB83E6CB282BA46D00A09F3D /* Debug */ = {
			isa = XCBuildConfiguration;
			buildSettings = {
				ALWAYS_SEARCH_USER_PATHS = NO;
				CLANG_ANALYZER_NONNULL = YES;
				CLANG_ANALYZER_NUMBER_OBJECT_CONVERSION = YES_AGGRESSIVE;
				CLANG_CXX_LANGUAGE_STANDARD = "gnu++17";
				CLANG_CXX_LIBRARY = "libc++";
				CLANG_ENABLE_MODULES = YES;
				CLANG_ENABLE_OBJC_ARC = YES;
				CLANG_ENABLE_OBJC_WEAK = YES;
				CLANG_WARN_BLOCK_CAPTURE_AUTORELEASING = YES;
				CLANG_WARN_BOOL_CONVERSION = YES;
				CLANG_WARN_COMMA = YES;
				CLANG_WARN_CONSTANT_CONVERSION = YES;
				CLANG_WARN_DEPRECATED_OBJC_IMPLEMENTATIONS = YES;
				CLANG_WARN_DIRECT_OBJC_ISA_USAGE = YES_ERROR;
				CLANG_WARN_DOCUMENTATION_COMMENTS = YES;
				CLANG_WARN_EMPTY_BODY = YES;
				CLANG_WARN_ENUM_CONVERSION = YES;
				CLANG_WARN_INFINITE_RECURSION = YES;
				CLANG_WARN_INT_CONVERSION = YES;
				CLANG_WARN_NON_LITERAL_NULL_CONVERSION = YES;
				CLANG_WARN_OBJC_IMPLICIT_RETAIN_SELF = YES;
				CLANG_WARN_OBJC_LITERAL_CONVERSION = YES;
				CLANG_WARN_OBJC_ROOT_CLASS = YES_ERROR;
				CLANG_WARN_QUOTED_INCLUDE_IN_FRAMEWORK_HEADER = YES;
				CLANG_WARN_RANGE_LOOP_ANALYSIS = YES;
				CLANG_WARN_STRICT_PROTOTYPES = YES;
				CLANG_WARN_SUSPICIOUS_MOVE = YES;
				CLANG_WARN_UNGUARDED_AVAILABILITY = YES_AGGRESSIVE;
				CLANG_WARN_UNREACHABLE_CODE = YES;
				CLANG_WARN__DUPLICATE_METHOD_MATCH = YES;
				COPY_PHASE_STRIP = NO;
				DEBUG_INFORMATION_FORMAT = dwarf;
				ENABLE_STRICT_OBJC_MSGSEND = YES;
				ENABLE_TESTABILITY = YES;
				GCC_C_LANGUAGE_STANDARD = gnu11;
				GCC_DYNAMIC_NO_PIC = NO;
				GCC_NO_COMMON_BLOCKS = YES;
				GCC_OPTIMIZATION_LEVEL = 0;
				GCC_PREPROCESSOR_DEFINITIONS = (
					"DEBUG=1",
					"$(inherited)",
				);
				GCC_WARN_64_TO_32_BIT_CONVERSION = YES;
				GCC_WARN_ABOUT_RETURN_TYPE = YES_ERROR;
				GCC_WARN_UNDECLARED_SELECTOR = YES;
				GCC_WARN_UNINITIALIZED_AUTOS = YES_AGGRESSIVE;
				GCC_WARN_UNUSED_FUNCTION = YES;
				GCC_WARN_UNUSED_VARIABLE = YES;
				IPHONEOS_DEPLOYMENT_TARGET = 15.2;
				MTL_ENABLE_DEBUG_INFO = INCLUDE_SOURCE;
				MTL_FAST_MATH = YES;
				ONLY_ACTIVE_ARCH = YES;
				SDKROOT = iphoneos;
				SWIFT_ACTIVE_COMPILATION_CONDITIONS = DEBUG;
				SWIFT_OPTIMIZATION_LEVEL = "-Onone";
			};
			name = Debug;
		};
		FB83E6CC282BA46D00A09F3D /* Release */ = {
			isa = XCBuildConfiguration;
			buildSettings = {
				ALWAYS_SEARCH_USER_PATHS = NO;
				CLANG_ANALYZER_NONNULL = YES;
				CLANG_ANALYZER_NUMBER_OBJECT_CONVERSION = YES_AGGRESSIVE;
				CLANG_CXX_LANGUAGE_STANDARD = "gnu++17";
				CLANG_CXX_LIBRARY = "libc++";
				CLANG_ENABLE_MODULES = YES;
				CLANG_ENABLE_OBJC_ARC = YES;
				CLANG_ENABLE_OBJC_WEAK = YES;
				CLANG_WARN_BLOCK_CAPTURE_AUTORELEASING = YES;
				CLANG_WARN_BOOL_CONVERSION = YES;
				CLANG_WARN_COMMA = YES;
				CLANG_WARN_CONSTANT_CONVERSION = YES;
				CLANG_WARN_DEPRECATED_OBJC_IMPLEMENTATIONS = YES;
				CLANG_WARN_DIRECT_OBJC_ISA_USAGE = YES_ERROR;
				CLANG_WARN_DOCUMENTATION_COMMENTS = YES;
				CLANG_WARN_EMPTY_BODY = YES;
				CLANG_WARN_ENUM_CONVERSION = YES;
				CLANG_WARN_INFINITE_RECURSION = YES;
				CLANG_WARN_INT_CONVERSION = YES;
				CLANG_WARN_NON_LITERAL_NULL_CONVERSION = YES;
				CLANG_WARN_OBJC_IMPLICIT_RETAIN_SELF = YES;
				CLANG_WARN_OBJC_LITERAL_CONVERSION = YES;
				CLANG_WARN_OBJC_ROOT_CLASS = YES_ERROR;
				CLANG_WARN_QUOTED_INCLUDE_IN_FRAMEWORK_HEADER = YES;
				CLANG_WARN_RANGE_LOOP_ANALYSIS = YES;
				CLANG_WARN_STRICT_PROTOTYPES = YES;
				CLANG_WARN_SUSPICIOUS_MOVE = YES;
				CLANG_WARN_UNGUARDED_AVAILABILITY = YES_AGGRESSIVE;
				CLANG_WARN_UNREACHABLE_CODE = YES;
				CLANG_WARN__DUPLICATE_METHOD_MATCH = YES;
				COPY_PHASE_STRIP = NO;
				DEBUG_INFORMATION_FORMAT = "dwarf-with-dsym";
				ENABLE_NS_ASSERTIONS = NO;
				ENABLE_STRICT_OBJC_MSGSEND = YES;
				GCC_C_LANGUAGE_STANDARD = gnu11;
				GCC_NO_COMMON_BLOCKS = YES;
				GCC_WARN_64_TO_32_BIT_CONVERSION = YES;
				GCC_WARN_ABOUT_RETURN_TYPE = YES_ERROR;
				GCC_WARN_UNDECLARED_SELECTOR = YES;
				GCC_WARN_UNINITIALIZED_AUTOS = YES_AGGRESSIVE;
				GCC_WARN_UNUSED_FUNCTION = YES;
				GCC_WARN_UNUSED_VARIABLE = YES;
				IPHONEOS_DEPLOYMENT_TARGET = 15.2;
				MTL_ENABLE_DEBUG_INFO = NO;
				MTL_FAST_MATH = YES;
				SDKROOT = iphoneos;
				SWIFT_COMPILATION_MODE = wholemodule;
				SWIFT_OPTIMIZATION_LEVEL = "-O";
				VALIDATE_PRODUCT = YES;
			};
			name = Release;
		};
		FB83E6CE282BA46D00A09F3D /* Debug */ = {
			isa = XCBuildConfiguration;
			baseConfigurationReference = 5183EAF8DEA7587F0A8EAC02 /* Pods-medicine.debug.xcconfig */;
			buildSettings = {
				ASSETCATALOG_COMPILER_APPICON_NAME = AppIcon;
				ASSETCATALOG_COMPILER_GLOBAL_ACCENT_COLOR_NAME = AccentColor;
				CODE_SIGN_STYLE = Automatic;
				CURRENT_PROJECT_VERSION = 1;
				DEVELOPMENT_TEAM = YHNY62HKYP;
				GENERATE_INFOPLIST_FILE = YES;
				INFOPLIST_FILE = medicine/Info.plist;
				INFOPLIST_KEY_UIApplicationSupportsIndirectInputEvents = YES;
				INFOPLIST_KEY_UILaunchStoryboardName = LaunchScreen;
				INFOPLIST_KEY_UISupportedInterfaceOrientations_iPad = "UIInterfaceOrientationPortrait UIInterfaceOrientationPortraitUpsideDown UIInterfaceOrientationLandscapeLeft UIInterfaceOrientationLandscapeRight";
				INFOPLIST_KEY_UISupportedInterfaceOrientations_iPhone = "UIInterfaceOrientationPortrait UIInterfaceOrientationLandscapeLeft UIInterfaceOrientationLandscapeRight";
				IPHONEOS_DEPLOYMENT_TARGET = 15.2;
				LD_RUNPATH_SEARCH_PATHS = (
					"$(inherited)",
					"@executable_path/Frameworks",
				);
				MARKETING_VERSION = 1.0;
				PRODUCT_BUNDLE_IDENTIFIER = "Keem-ym.medicine";
				PRODUCT_NAME = "$(TARGET_NAME)";
				SWIFT_EMIT_LOC_STRINGS = YES;
				SWIFT_VERSION = 5.0;
				TARGETED_DEVICE_FAMILY = "1,2";
			};
			name = Debug;
		};
		FB83E6CF282BA46D00A09F3D /* Release */ = {
			isa = XCBuildConfiguration;
			baseConfigurationReference = D67FC2FD6C851CFD0C6E8D6F /* Pods-medicine.release.xcconfig */;
			buildSettings = {
				ASSETCATALOG_COMPILER_APPICON_NAME = AppIcon;
				ASSETCATALOG_COMPILER_GLOBAL_ACCENT_COLOR_NAME = AccentColor;
				CODE_SIGN_STYLE = Automatic;
				CURRENT_PROJECT_VERSION = 1;
				DEVELOPMENT_TEAM = YHNY62HKYP;
				GENERATE_INFOPLIST_FILE = YES;
				INFOPLIST_FILE = medicine/Info.plist;
				INFOPLIST_KEY_UIApplicationSupportsIndirectInputEvents = YES;
				INFOPLIST_KEY_UILaunchStoryboardName = LaunchScreen;
				INFOPLIST_KEY_UISupportedInterfaceOrientations_iPad = "UIInterfaceOrientationPortrait UIInterfaceOrientationPortraitUpsideDown UIInterfaceOrientationLandscapeLeft UIInterfaceOrientationLandscapeRight";
				INFOPLIST_KEY_UISupportedInterfaceOrientations_iPhone = "UIInterfaceOrientationPortrait UIInterfaceOrientationLandscapeLeft UIInterfaceOrientationLandscapeRight";
				IPHONEOS_DEPLOYMENT_TARGET = 15.2;
				LD_RUNPATH_SEARCH_PATHS = (
					"$(inherited)",
					"@executable_path/Frameworks",
				);
				MARKETING_VERSION = 1.0;
				PRODUCT_BUNDLE_IDENTIFIER = "Keem-ym.medicine";
				PRODUCT_NAME = "$(TARGET_NAME)";
				SWIFT_EMIT_LOC_STRINGS = YES;
				SWIFT_VERSION = 5.0;
				TARGETED_DEVICE_FAMILY = "1,2";
			};
			name = Release;
		};
/* End XCBuildConfiguration section */

/* Begin XCConfigurationList section */
		FB83E6B4282BA46A00A09F3D /* Build configuration list for PBXProject "medicine" */ = {
			isa = XCConfigurationList;
			buildConfigurations = (
				FB83E6CB282BA46D00A09F3D /* Debug */,
				FB83E6CC282BA46D00A09F3D /* Release */,
			);
			defaultConfigurationIsVisible = 0;
			defaultConfigurationName = Release;
		};
		FB83E6CD282BA46D00A09F3D /* Build configuration list for PBXNativeTarget "medicine" */ = {
			isa = XCConfigurationList;
			buildConfigurations = (
				FB83E6CE282BA46D00A09F3D /* Debug */,
				FB83E6CF282BA46D00A09F3D /* Release */,
			);
			defaultConfigurationIsVisible = 0;
			defaultConfigurationName = Release;
		};
/* End XCConfigurationList section */
	};
	rootObject = FB83E6B1282BA46A00A09F3D /* Project object */;
}
